
Microsoft Visual Studio Solution File, Format Version 12.00
Project("{FAE04EC0-301F-11D3-BF4B-00C04F79EFBC}") = "AplicaçãoFundamental", "AplicaçãoFundamental\AplicaçãoFundamental.csproj", "{BAD46561-1D62-4503-A482-09B63DDC9936}"
EndProject
Project("{FAE04EC0-301F-11D3-BF4B-00C04F79EFBC}") = "AppTeste", "AppTeste\AppTeste.csproj", "{24A29800-7D79-49C2-8C8F-8C18BB813D17}"
EndProject
Project("{FAE04EC0-301F-11D3-BF4B-00C04F79EFBC}") = "Calculator", "Calculator\Calculator.csproj", "{1644BB1C-F1C6-43C7-8739-76AD382655F4}"
EndProject
Project("{FAE04EC0-301F-11D3-BF4B-00C04F79EFBC}") = "Stopwatch", "Stopwatch\Stopwatch.csproj", "{DD5A45FD-EFBB-46BD-8C9F-7B46628D58C8}"
EndProject
Project("{FAE04EC0-301F-11D3-BF4B-00C04F79EFBC}") = "TextEditor", "TextEditor\TextEditor.csproj", "{AB33F09F-57F6-4F63-9C9F-975A8275F1C3}"
EndProject
Global
	GlobalSection(SolutionConfigurationPlatforms) = preSolution
		Debug|Any CPU = Debug|Any CPU
		Release|Any CPU = Release|Any CPU
	EndGlobalSection
	GlobalSection(ProjectConfigurationPlatforms) = postSolution
		{BAD46561-1D62-4503-A482-09B63DDC9936}.Debug|Any CPU.ActiveCfg = Debug|Any CPU
		{BAD46561-1D62-4503-A482-09B63DDC9936}.Debug|Any CPU.Build.0 = Debug|Any CPU
		{BAD46561-1D62-4503-A482-09B63DDC9936}.Release|Any CPU.ActiveCfg = Release|Any CPU
		{BAD46561-1D62-4503-A482-09B63DDC9936}.Release|Any CPU.Build.0 = Release|Any CPU
		{24A29800-7D79-49C2-8C8F-8C18BB813D17}.Debug|Any CPU.ActiveCfg = Debug|Any CPU
		{24A29800-7D79-49C2-8C8F-8C18BB813D17}.Debug|Any CPU.Build.0 = Debug|Any CPU
		{24A29800-7D79-49C2-8C8F-8C18BB813D17}.Release|Any CPU.ActiveCfg = Release|Any CPU
		{24A29800-7D79-49C2-8C8F-8C18BB813D17}.Release|Any CPU.Build.0 = Release|Any CPU
		{1644BB1C-F1C6-43C7-8739-76AD382655F4}.Debug|Any CPU.ActiveCfg = Debug|Any CPU
		{1644BB1C-F1C6-43C7-8739-76AD382655F4}.Debug|Any CPU.Build.0 = Debug|Any CPU
		{1644BB1C-F1C6-43C7-8739-76AD382655F4}.Release|Any CPU.ActiveCfg = Release|Any CPU
		{1644BB1C-F1C6-43C7-8739-76AD382655F4}.Release|Any CPU.Build.0 = Release|Any CPU
		{DD5A45FD-EFBB-46BD-8C9F-7B46628D58C8}.Debug|Any CPU.ActiveCfg = Debug|Any CPU
		{DD5A45FD-EFBB-46BD-8C9F-7B46628D58C8}.Debug|Any CPU.Build.0 = Debug|Any CPU
		{DD5A45FD-EFBB-46BD-8C9F-7B46628D58C8}.Release|Any CPU.ActiveCfg = Release|Any CPU
		{DD5A45FD-EFBB-46BD-8C9F-7B46628D58C8}.Release|Any CPU.Build.0 = Release|Any CPU
		{AB33F09F-57F6-4F63-9C9F-975A8275F1C3}.Debug|Any CPU.ActiveCfg = Debug|Any CPU
		{AB33F09F-57F6-4F63-9C9F-975A8275F1C3}.Debug|Any CPU.Build.0 = Debug|Any CPU
		{AB33F09F-57F6-4F63-9C9F-975A8275F1C3}.Release|Any CPU.ActiveCfg = Release|Any CPU
		{AB33F09F-57F6-4F63-9C9F-975A8275F1C3}.Release|Any CPU.Build.0 = Release|Any CPU
	EndGlobalSection
EndGlobal
